
Microsoft Visual Studio Solution File, Format Version 12.00
# Visual Studio 15
VisualStudioVersion = 15.0.27428.2005
MinimumVisualStudioVersion = 10.0.40219.1
Project("{9A19103F-16F7-4668-BE54-9A1E7A4F7556}") = "Pravahati.NetCore.MediaStream", "Pravahati.NetCore.MediaStream\Pravahati.NetCore.MediaStream.csproj", "{BE82E5D8-204B-40AC-9DA4-B285F4A0FBBE}"
EndProject
Global
	GlobalSection(SolutionConfigurationPlatforms) = preSolution
		Debug|Any CPU = Debug|Any CPU
		Release|Any CPU = Release|Any CPU
	EndGlobalSection
	GlobalSection(ProjectConfigurationPlatforms) = postSolution
		{BE82E5D8-204B-40AC-9DA4-B285F4A0FBBE}.Debug|Any CPU.ActiveCfg = Debug|Any CPU
		{BE82E5D8-204B-40AC-9DA4-B285F4A0FBBE}.Debug|Any CPU.Build.0 = Debug|Any CPU
		{BE82E5D8-204B-40AC-9DA4-B285F4A0FBBE}.Release|Any CPU.ActiveCfg = Release|Any CPU
		{BE82E5D8-204B-40AC-9DA4-B285F4A0FBBE}.Release|Any CPU.Build.0 = Release|Any CPU
	EndGlobalSection
	GlobalSection(SolutionProperties) = preSolution
		HideSolutionNode = FALSE
	EndGlobalSection
	GlobalSection(ExtensibilityGlobals) = postSolution
		SolutionGuid = {6C739FDD-0D57-4CE9-8A01-1E7A6249C2CE}
	EndGlobalSection
EndGlobal
